
Microsoft Visual Studio Solution File, Format Version 12.00
# Visual Studio 15
VisualStudioVersion = 15.0.28307.106
MinimumVisualStudioVersion = 10.0.40219.1
Project("{9A19103F-16F7-4668-BE54-9A1E7A4F7556}") = "TestUtil", "TestUtil\TestUtil.csproj", "{7F26A516-6870-4867-8551-07DBFEB98499}"
EndProject
Global
	GlobalSection(SolutionConfigurationPlatforms) = preSolution
		Debug|Any CPU = Debug|Any CPU
		Release|Any CPU = Release|Any CPU
	EndGlobalSection
	GlobalSection(ProjectConfigurationPlatforms) = postSolution
		{7F26A516-6870-4867-8551-07DBFEB98499}.Debug|Any CPU.ActiveCfg = Debug|Any CPU
		{7F26A516-6870-4867-8551-07DBFEB98499}.Debug|Any CPU.Build.0 = Debug|Any CPU
		{7F26A516-6870-4867-8551-07DBFEB98499}.Release|Any CPU.ActiveCfg = Release|Any CPU
		{7F26A516-6870-4867-8551-07DBFEB98499}.Release|Any CPU.Build.0 = Release|Any CPU
	EndGlobalSection
	GlobalSection(SolutionProperties) = preSolution
		HideSolutionNode = FALSE
	EndGlobalSection
	GlobalSection(ExtensibilityGlobals) = postSolution
		SolutionGuid = {62B8FD12-CE5C-4110-B208-AAFDB0505E5D}
	EndGlobalSection
EndGlobal
